// !$*UTF8*$!
{
	archiveVersion = 1;
	classes = {
	};
	objectVersion = 50;
	objects = {

/* Begin PBXBuildFile section */
		18940C21210D7C2E008EEC9F /* AppDelegate.m in Sources */ = {isa = PBXBuildFile; fileRef = 18940C20210D7C2E008EEC9F /* AppDelegate.m */; };
		18940C24210D7C2E008EEC9F /* ViewController.m in Sources */ = {isa = PBXBuildFile; fileRef = 18940C23210D7C2E008EEC9F /* ViewController.m */; };
		18940C27210D7C2E008EEC9F /* Main.storyboard in Resources */ = {isa = PBXBuildFile; fileRef = 18940C25210D7C2E008EEC9F /* Main.storyboard */; };
		18940C29210D7C30008EEC9F /* Assets.xcassets in Resources */ = {isa = PBXBuildFile; fileRef = 18940C28210D7C30008EEC9F /* Assets.xcassets */; };
		18940C2C210D7C30008EEC9F /* LaunchScreen.storyboard in Resources */ = {isa = PBXBuildFile; fileRef = 18940C2A210D7C30008EEC9F /* LaunchScreen.storyboard */; };
		18940C2F210D7C30008EEC9F /* main.m in Sources */ = {isa = PBXBuildFile; fileRef = 18940C2E210D7C30008EEC9F /* main.m */; };
		18940C38210D7E98008EEC9F /* Abstraction.m in Sources */ = {isa = PBXBuildFile; fileRef = 18940C37210D7E98008EEC9F /* Abstraction.m */; };
		18940C3B210D7EDE008EEC9F /* RefinedAbstraction.m in Sources */ = {isa = PBXBuildFile; fileRef = 18940C3A210D7EDE008EEC9F /* RefinedAbstraction.m */; };
		18940C3E210D7F18008EEC9F /* Implementor.m in Sources */ = {isa = PBXBuildFile; fileRef = 18940C3D210D7F18008EEC9F /* Implementor.m */; };
		18940C41210D7F87008EEC9F /* ConcreteImplementorA.m in Sources */ = {isa = PBXBuildFile; fileRef = 18940C40210D7F87008EEC9F /* ConcreteImplementorA.m */; };
		18940C44210D7F92008EEC9F /* ConcreteImplementorB.m in Sources */ = {isa = PBXBuildFile; fileRef = 18940C43210D7F92008EEC9F /* ConcreteImplementorB.m */; };
		18940C48210D8231008EEC9F /* Phone.m in Sources */ = {isa = PBXBuildFile; fileRef = 18940C47210D8231008EEC9F /* Phone.m */; };
		18940C4B210D8246008EEC9F /* HWPhone.m in Sources */ = {isa = PBXBuildFile; fileRef = 18940C4A210D8246008EEC9F /* HWPhone.m */; };
		18940C4E210D827B008EEC9F /* XMPhone.m in Sources */ = {isa = PBXBuildFile; fileRef = 18940C4D210D827B008EEC9F /* XMPhone.m */; };
		18940C51210D8294008EEC9F /* PhoneSoft.m in Sources */ = {isa = PBXBuildFile; fileRef = 18940C50210D8294008EEC9F /* PhoneSoft.m */; };
		18940C54210D82AC008EEC9F /* PhoneSoftAddress.m in Sources */ = {isa = PBXBuildFile; fileRef = 18940C53210D82AC008EEC9F /* PhoneSoftAddress.m */; };
		18940C57210D82BB008EEC9F /* PhoneSoftGame.m in Sources */ = {isa = PBXBuildFile; fileRef = 18940C56210D82BB008EEC9F /* PhoneSoftGame.m */; };
/* End PBXBuildFile section */

/* Begin PBXFileReference section */
		18940C1C210D7C2E008EEC9F /* 18-桥接模式.app */ = {isa = PBXFileReference; explicitFileType = wrapper.application; includeInIndex = 0; path = "18-桥接模式.app"; sourceTree = BUILT_PRODUCTS_DIR; };
		18940C1F210D7C2E008EEC9F /* AppDelegate.h */ = {isa = PBXFileReference; lastKnownFileType = sourcecode.c.h; path = AppDelegate.h; sourceTree = "<group>"; };
		18940C20210D7C2E008EEC9F /* AppDelegate.m */ = {isa = PBXFileReference; lastKnownFileType = sourcecode.c.objc; path = AppDelegate.m; sourceTree = "<group>"; };
		18940C22210D7C2E008EEC9F /* ViewController.h */ = {isa = PBXFileReference; lastKnownFileType = sourcecode.c.h; path = ViewController.h; sourceTree = "<group>"; };
		18940C23210D7C2E008EEC9F /* ViewController.m */ = {isa = PBXFileReference; lastKnownFileType = sourcecode.c.objc; path = ViewController.m; sourceTree = "<group>"; };
		18940C26210D7C2E008EEC9F /* Base */ = {isa = PBXFileReference; lastKnownFileType = file.storyboard; name = Base; path = Base.lproj/Main.storyboard; sourceTree = "<group>"; };
		18940C28210D7C30008EEC9F /* Assets.xcassets */ = {isa = PBXFileReference; lastKnownFileType = folder.assetcatalog; path = Assets.xcassets; sourceTree = "<group>"; };
		18940C2B210D7C30008EEC9F /* Base */ = {isa = PBXFileReference; lastKnownFileType = file.storyboard; name = Base; path = Base.lproj/LaunchScreen.storyboard; sourceTree = "<group>"; };
		18940C2D210D7C30008EEC9F /* Info.plist */ = {isa = PBXFileReference; lastKnownFileType = text.plist.xml; path = Info.plist; sourceTree = "<group>"; };
		18940C2E210D7C30008EEC9F /* main.m */ = {isa = PBXFileReference; lastKnownFileType = sourcecode.c.objc; path = main.m; sourceTree = "<group>"; };
		18940C36210D7E98008EEC9F /* Abstraction.h */ = {isa = PBXFileReference; lastKnownFileType = sourcecode.c.h; path = Abstraction.h; sourceTree = "<group>"; };
		18940C37210D7E98008EEC9F /* Abstraction.m */ = {isa = PBXFileReference; lastKnownFileType = sourcecode.c.objc; path = Abstraction.m; sourceTree = "<group>"; };
		18940C39210D7EDE008EEC9F /* RefinedAbstraction.h */ = {isa = PBXFileReference; lastKnownFileType = sourcecode.c.h; path = RefinedAbstraction.h; sourceTree = "<group>"; };
		18940C3A210D7EDE008EEC9F /* RefinedAbstraction.m */ = {isa = PBXFileReference; lastKnownFileType = sourcecode.c.objc; path = RefinedAbstraction.m; sourceTree = "<group>"; };
		18940C3C210D7F18008EEC9F /* Implementor.h */ = {isa = PBXFileReference; lastKnownFileType = sourcecode.c.h; path = Implementor.h; sourceTree = "<group>"; };
		18940C3D210D7F18008EEC9F /* Implementor.m */ = {isa = PBXFileReference; lastKnownFileType = sourcecode.c.objc; path = Implementor.m; sourceTree = "<group>"; };
		18940C3F210D7F87008EEC9F /* ConcreteImplementorA.h */ = {isa = PBXFileReference; lastKnownFileType = sourcecode.c.h; path = ConcreteImplementorA.h; sourceTree = "<group>"; };
		18940C40210D7F87008EEC9F /* ConcreteImplementorA.m */ = {isa = PBXFileReference; lastKnownFileType = sourcecode.c.objc; path = ConcreteImplementorA.m; sourceTree = "<group>"; };
		18940C42210D7F92008EEC9F /* ConcreteImplementorB.h */ = {isa = PBXFileReference; lastKnownFileType = sourcecode.c.h; path = ConcreteImplementorB.h; sourceTree = "<group>"; };
		18940C43210D7F92008EEC9F /* ConcreteImplementorB.m */ = {isa = PBXFileReference; lastKnownFileType = sourcecode.c.objc; path = ConcreteImplementorB.m; sourceTree = "<group>"; };
		18940C46210D8231008EEC9F /* Phone.h */ = {isa = PBXFileReference; lastKnownFileType = sourcecode.c.h; path = Phone.h; sourceTree = "<group>"; };
		18940C47210D8231008EEC9F /* Phone.m */ = {isa = PBXFileReference; lastKnownFileType = sourcecode.c.objc; path = Phone.m; sourceTree = "<group>"; };
		18940C49210D8246008EEC9F /* HWPhone.h */ = {isa = PBXFileReference; lastKnownFileType = sourcecode.c.h; path = HWPhone.h; sourceTree = "<group>"; };
		18940C4A210D8246008EEC9F /* HWPhone.m */ = {isa = PBXFileReference; lastKnownFileType = sourcecode.c.objc; path = HWPhone.m; sourceTree = "<group>"; };
		18940C4C210D827B008EEC9F /* XMPhone.h */ = {isa = PBXFileReference; lastKnownFileType = sourcecode.c.h; path = XMPhone.h; sourceTree = "<group>"; };
		18940C4D210D827B008EEC9F /* XMPhone.m */ = {isa = PBXFileReference; lastKnownFileType = sourcecode.c.objc; path = XMPhone.m; sourceTree = "<group>"; };
		18940C4F210D8294008EEC9F /* PhoneSoft.h */ = {isa = PBXFileReference; lastKnownFileType = sourcecode.c.h; path = PhoneSoft.h; sourceTree = "<group>"; };
		18940C50210D8294008EEC9F /* PhoneSoft.m */ = {isa = PBXFileReference; lastKnownFileType = sourcecode.c.objc; path = PhoneSoft.m; sourceTree = "<group>"; };
		18940C52210D82AC008EEC9F /* PhoneSoftAddress.h */ = {isa = PBXFileReference; lastKnownFileType = sourcecode.c.h; path = PhoneSoftAddress.h; sourceTree = "<group>"; };
		18940C53210D82AC008EEC9F /* PhoneSoftAddress.m */ = {isa = PBXFileReference; lastKnownFileType = sourcecode.c.objc; path = PhoneSoftAddress.m; sourceTree = "<group>"; };
		18940C55210D82BB008EEC9F /* PhoneSoftGame.h */ = {isa = PBXFileReference; lastKnownFileType = sourcecode.c.h; path = PhoneSoftGame.h; sourceTree = "<group>"; };
		18940C56210D82BB008EEC9F /* PhoneSoftGame.m */ = {isa = PBXFileReference; lastKnownFileType = sourcecode.c.objc; path = PhoneSoftGame.m; sourceTree = "<group>"; };
/* End PBXFileReference section */

/* Begin PBXFrameworksBuildPhase section */
		18940C19210D7C2E008EEC9F /* Frameworks */ = {
			isa = PBXFrameworksBuildPhase;
			buildActionMask = 2147483647;
			files = (
			);
			runOnlyForDeploymentPostprocessing = 0;
		};
/* End PBXFrameworksBuildPhase section */

/* Begin PBXGroup section */
		18940C13210D7C2E008EEC9F = {
			isa = PBXGroup;
			children = (
				18940C1E210D7C2E008EEC9F /* 18-桥接模式 */,
				18940C1D210D7C2E008EEC9F /* Products */,
			);
			sourceTree = "<group>";
		};
		18940C1D210D7C2E008EEC9F /* Products */ = {
			isa = PBXGroup;
			children = (
				18940C1C210D7C2E008EEC9F /* 18-桥接模式.app */,
			);
			name = Products;
			sourceTree = "<group>";
		};
		18940C1E210D7C2E008EEC9F /* 18-桥接模式 */ = {
			isa = PBXGroup;
			children = (
				18940C45210D8219008EEC9F /* 2案例 */,
				18940C35210D7C37008EEC9F /* 1基础 */,
				18940C22210D7C2E008EEC9F /* ViewController.h */,
				18940C23210D7C2E008EEC9F /* ViewController.m */,
				18940C1F210D7C2E008EEC9F /* AppDelegate.h */,
				18940C20210D7C2E008EEC9F /* AppDelegate.m */,
				18940C25210D7C2E008EEC9F /* Main.storyboard */,
				18940C28210D7C30008EEC9F /* Assets.xcassets */,
				18940C2A210D7C30008EEC9F /* LaunchScreen.storyboard */,
				18940C2D210D7C30008EEC9F /* Info.plist */,
				18940C2E210D7C30008EEC9F /* main.m */,
			);
			path = "18-桥接模式";
			sourceTree = "<group>";
		};
		18940C35210D7C37008EEC9F /* 1基础 */ = {
			isa = PBXGroup;
			children = (
				18940C36210D7E98008EEC9F /* Abstraction.h */,
				18940C37210D7E98008EEC9F /* Abstraction.m */,
				18940C39210D7EDE008EEC9F /* RefinedAbstraction.h */,
				18940C3A210D7EDE008EEC9F /* RefinedAbstraction.m */,
				18940C3C210D7F18008EEC9F /* Implementor.h */,
				18940C3D210D7F18008EEC9F /* Implementor.m */,
				18940C3F210D7F87008EEC9F /* ConcreteImplementorA.h */,
				18940C40210D7F87008EEC9F /* ConcreteImplementorA.m */,
				18940C42210D7F92008EEC9F /* ConcreteImplementorB.h */,
				18940C43210D7F92008EEC9F /* ConcreteImplementorB.m */,
			);
			path = "1基础";
			sourceTree = "<group>";
		};
		18940C45210D8219008EEC9F /* 2案例 */ = {
			isa = PBXGroup;
			children = (
				18940C46210D8231008EEC9F /* Phone.h */,
				18940C47210D8231008EEC9F /* Phone.m */,
				18940C49210D8246008EEC9F /* HWPhone.h */,
				18940C4A210D8246008EEC9F /* HWPhone.m */,
				18940C4C210D827B008EEC9F /* XMPhone.h */,
				18940C4D210D827B008EEC9F /* XMPhone.m */,
				18940C4F210D8294008EEC9F /* PhoneSoft.h */,
				18940C50210D8294008EEC9F /* PhoneSoft.m */,
				18940C52210D82AC008EEC9F /* PhoneSoftAddress.h */,
				18940C53210D82AC008EEC9F /* PhoneSoftAddress.m */,
				18940C55210D82BB008EEC9F /* PhoneSoftGame.h */,
				18940C56210D82BB008EEC9F /* PhoneSoftGame.m */,
			);
			path = "2案例";
			sourceTree = "<group>";
		};
/* End PBXGroup section */

/* Begin PBXNativeTarget section */
		18940C1B210D7C2E008EEC9F /* 18-桥接模式 */ = {
			isa = PBXNativeTarget;
			buildConfigurationList = 18940C32210D7C30008EEC9F /* Build configuration list for PBXNativeTarget "18-桥接模式" */;
			buildPhases = (
				18940C18210D7C2E008EEC9F /* Sources */,
				18940C19210D7C2E008EEC9F /* Frameworks */,
				18940C1A210D7C2E008EEC9F /* Resources */,
			);
			buildRules = (
			);
			dependencies = (
			);
			name = "18-桥接模式";
			productName = "18-桥接模式";
			productReference = 18940C1C210D7C2E008EEC9F /* 18-桥接模式.app */;
			productType = "com.apple.product-type.application";
		};
/* End PBXNativeTarget section */

/* Begin PBXProject section */
		18940C14210D7C2E008EEC9F /* Project object */ = {
			isa = PBXProject;
			attributes = {
				LastUpgradeCheck = 0930;
				ORGANIZATIONNAME = gongqiuwei;
				TargetAttributes = {
					18940C1B210D7C2E008EEC9F = {
						CreatedOnToolsVersion = 9.3;
					};
				};
			};
			buildConfigurationList = 18940C17210D7C2E008EEC9F /* Build configuration list for PBXProject "18-桥接模式" */;
			compatibilityVersion = "Xcode 9.3";
			developmentRegion = en;
			hasScannedForEncodings = 0;
			knownRegions = (
				en,
				Base,
			);
			mainGroup = 18940C13210D7C2E008EEC9F;
			productRefGroup = 18940C1D210D7C2E008EEC9F /* Products */;
			projectDirPath = "";
			projectRoot = "";
			targets = (
				18940C1B210D7C2E008EEC9F /* 18-桥接模式 */,
			);
		};
/* End PBXProject section */

/* Begin PBXResourcesBuildPhase section */
		18940C1A210D7C2E008EEC9F /* Resources */ = {
			isa = PBXResourcesBuildPhase;
			buildActionMask = 2147483647;
			files = (
				18940C2C210D7C30008EEC9F /* LaunchScreen.storyboard in Resources */,
				18940C29210D7C30008EEC9F /* Assets.xcassets in Resources */,
				18940C27210D7C2E008EEC9F /* Main.storyboard in Resources */,
			);
			runOnlyForDeploymentPostprocessing = 0;
		};
/* End PBXResourcesBuildPhase section */

/* Begin PBXSourcesBuildPhase section */
		18940C18210D7C2E008EEC9F /* Sources */ = {
			isa = PBXSourcesBuildPhase;
			buildActionMask = 2147483647;
			files = (
				18940C48210D8231008EEC9F /* Phone.m in Sources */,
				18940C41210D7F87008EEC9F /* ConcreteImplementorA.m in Sources */,
				18940C24210D7C2E008EEC9F /* ViewController.m in Sources */,
				18940C4B210D8246008EEC9F /* HWPhone.m in Sources */,
				18940C51210D8294008EEC9F /* PhoneSoft.m in Sources */,
				18940C44210D7F92008EEC9F /* ConcreteImplementorB.m in Sources */,
				18940C2F210D7C30008EEC9F /* main.m in Sources */,
				18940C4E210D827B008EEC9F /* XMPhone.m in Sources */,
				18940C38210D7E98008EEC9F /* Abstraction.m in Sources */,
				18940C21210D7C2E008EEC9F /* AppDelegate.m in Sources */,
				18940C57210D82BB008EEC9F /* PhoneSoftGame.m in Sources */,
				18940C3E210D7F18008EEC9F /* Implementor.m in Sources */,
				18940C54210D82AC008EEC9F /* PhoneSoftAddress.m in Sources */,
				18940C3B210D7EDE008EEC9F /* RefinedAbstraction.m in Sources */,
			);
			runOnlyForDeploymentPostprocessing = 0;
		};
/* End PBXSourcesBuildPhase section */

/* Begin PBXVariantGroup section */
		18940C25210D7C2E008EEC9F /* Main.storyboard */ = {
			isa = PBXVariantGroup;
			children = (
				18940C26210D7C2E008EEC9F /* Base */,
			);
			name = Main.storyboard;
			sourceTree = "<group>";
		};
		18940C2A210D7C30008EEC9F /* LaunchScreen.storyboard */ = {
			isa = PBXVariantGroup;
			children = (
				18940C2B210D7C30008EEC9F /* Base */,
			);
			name = LaunchScreen.storyboard;
			sourceTree = "<group>";
		};
/* End PBXVariantGroup section */

/* Begin XCBuildConfiguration section */
		18940C30210D7C30008EEC9F /* Debug */ = {
			isa = XCBuildConfiguration;
			buildSettings = {
				ALWAYS_SEARCH_USER_PATHS = NO;
				CLANG_ANALYZER_NONNULL = YES;
				CLANG_ANALYZER_NUMBER_OBJECT_CONVERSION = YES_AGGRESSIVE;
				CLANG_CXX_LANGUAGE_STANDARD = "gnu++14";
				CLANG_CXX_LIBRARY = "libc++";
				CLANG_ENABLE_MODULES = YES;
				CLANG_ENABLE_OBJC_ARC = YES;
				CLANG_ENABLE_OBJC_WEAK = YES;
				CLANG_WARN_BLOCK_CAPTURE_AUTORELEASING = YES;
				CLANG_WARN_BOOL_CONVERSION = YES;
				CLANG_WARN_COMMA = YES;
				CLANG_WARN_CONSTANT_CONVERSION = YES;
				CLANG_WARN_DEPRECATED_OBJC_IMPLEMENTATIONS = YES;
				CLANG_WARN_DIRECT_OBJC_ISA_USAGE = YES_ERROR;
				CLANG_WARN_DOCUMENTATION_COMMENTS = YES;
				CLANG_WARN_EMPTY_BODY = YES;
				CLANG_WARN_ENUM_CONVERSION = YES;
				CLANG_WARN_INFINITE_RECURSION = YES;
				CLANG_WARN_INT_CONVERSION = YES;
				CLANG_WARN_NON_LITERAL_NULL_CONVERSION = YES;
				CLANG_WARN_OBJC_IMPLICIT_RETAIN_SELF = YES;
				CLANG_WARN_OBJC_LITERAL_CONVERSION = YES;
				CLANG_WARN_OBJC_ROOT_CLASS = YES_ERROR;
				CLANG_WARN_RANGE_LOOP_ANALYSIS = YES;
				CLANG_WARN_STRICT_PROTOTYPES = YES;
				CLANG_WARN_SUSPICIOUS_MOVE = YES;
				CLANG_WARN_UNGUARDED_AVAILABILITY = YES_AGGRESSIVE;
				CLANG_WARN_UNREACHABLE_CODE = YES;
				CLANG_WARN__DUPLICATE_METHOD_MATCH = YES;
				CODE_SIGN_IDENTITY = "iPhone Developer";
				COPY_PHASE_STRIP = NO;
				DEBUG_INFORMATION_FORMAT = dwarf;
				ENABLE_STRICT_OBJC_MSGSEND = YES;
				ENABLE_TESTABILITY = YES;
				GCC_C_LANGUAGE_STANDARD = gnu11;
				GCC_DYNAMIC_NO_PIC = NO;
				GCC_NO_COMMON_BLOCKS = YES;
				GCC_OPTIMIZATION_LEVEL = 0;
				GCC_PREPROCESSOR_DEFINITIONS = (
					"DEBUG=1",
					"$(inherited)",
				);
				GCC_WARN_64_TO_32_BIT_CONVERSION = YES;
				GCC_WARN_ABOUT_RETURN_TYPE = YES_ERROR;
				GCC_WARN_UNDECLARED_SELECTOR = YES;
				GCC_WARN_UNINITIALIZED_AUTOS = YES_AGGRESSIVE;
				GCC_WARN_UNUSED_FUNCTION = YES;
				GCC_WARN_UNUSED_VARIABLE = YES;
				IPHONEOS_DEPLOYMENT_TARGET = 11.3;
				MTL_ENABLE_DEBUG_INFO = YES;
				ONLY_ACTIVE_ARCH = YES;
				SDKROOT = iphoneos;
			};
			name = Debug;
		};
		18940C31210D7C30008EEC9F /* Release */ = {
			isa = XCBuildConfiguration;
			buildSettings = {
				ALWAYS_SEARCH_USER_PATHS = NO;
				CLANG_ANALYZER_NONNULL = YES;
				CLANG_ANALYZER_NUMBER_OBJECT_CONVERSION = YES_AGGRESSIVE;
				CLANG_CXX_LANGUAGE_STANDARD = "gnu++14";
				CLANG_CXX_LIBRARY = "libc++";
				CLANG_ENABLE_MODULES = YES;
				CLANG_ENABLE_OBJC_ARC = YES;
				CLANG_ENABLE_OBJC_WEAK = YES;
				CLANG_WARN_BLOCK_CAPTURE_AUTORELEASING = YES;
				CLANG_WARN_BOOL_CONVERSION = YES;
				CLANG_WARN_COMMA = YES;
				CLANG_WARN_CONSTANT_CONVERSION = YES;
				CLANG_WARN_DEPRECATED_OBJC_IMPLEMENTATIONS = YES;
				CLANG_WARN_DIRECT_OBJC_ISA_USAGE = YES_ERROR;
				CLANG_WARN_DOCUMENTATION_COMMENTS = YES;
				CLANG_WARN_EMPTY_BODY = YES;
				CLANG_WARN_ENUM_CONVERSION = YES;
				CLANG_WARN_INFINITE_RECURSION = YES;
				CLANG_WARN_INT_CONVERSION = YES;
				CLANG_WARN_NON_LITERAL_NULL_CONVERSION = YES;
				CLANG_WARN_OBJC_IMPLICIT_RETAIN_SELF = YES;
				CLANG_WARN_OBJC_LITERAL_CONVERSION = YES;
				CLANG_WARN_OBJC_ROOT_CLASS = YES_ERROR;
				CLANG_WARN_RANGE_LOOP_ANALYSIS = YES;
				CLANG_WARN_STRICT_PROTOTYPES = YES;
				CLANG_WARN_SUSPICIOUS_MOVE = YES;
				CLANG_WARN_UNGUARDED_AVAILABILITY = YES_AGGRESSIVE;
				CLANG_WARN_UNREACHABLE_CODE = YES;
				CLANG_WARN__DUPLICATE_METHOD_MATCH = YES;
				CODE_SIGN_IDENTITY = "iPhone Developer";
				COPY_PHASE_STRIP = NO;
				DEBUG_INFORMATION_FORMAT = "dwarf-with-dsym";
				ENABLE_NS_ASSERTIONS = NO;
				ENABLE_STRICT_OBJC_MSGSEND = YES;
				GCC_C_LANGUAGE_STANDARD = gnu11;
				GCC_NO_COMMON_BLOCKS = YES;
				GCC_WARN_64_TO_32_BIT_CONVERSION = YES;
				GCC_WARN_ABOUT_RETURN_TYPE = YES_ERROR;
				GCC_WARN_UNDECLARED_SELECTOR = YES;
				GCC_WARN_UNINITIALIZED_AUTOS = YES_AGGRESSIVE;
				GCC_WARN_UNUSED_FUNCTION = YES;
				GCC_WARN_UNUSED_VARIABLE = YES;
				IPHONEOS_DEPLOYMENT_TARGET = 11.3;
				MTL_ENABLE_DEBUG_INFO = NO;
				SDKROOT = iphoneos;
				VALIDATE_PRODUCT = YES;
			};
			name = Release;
		};
		18940C33210D7C30008EEC9F /* Debug */ = {
			isa = XCBuildConfiguration;
			buildSettings = {
				ASSETCATALOG_COMPILER_APPICON_NAME = AppIcon;
				CODE_SIGN_STYLE = Automatic;
				INFOPLIST_FILE = "18-桥接模式/Info.plist";
				LD_RUNPATH_SEARCH_PATHS = (
					"$(inherited)",
					"@executable_path/Frameworks",
				);
				PRODUCT_BUNDLE_IDENTIFIER = "com.gongqiuwei.-8-----";
				PRODUCT_NAME = "$(TARGET_NAME)";
				TARGETED_DEVICE_FAMILY = "1,2";
			};
			name = Debug;
		};
		18940C34210D7C30008EEC9F /* Release */ = {
			isa = XCBuildConfiguration;
			buildSettings = {
				ASSETCATALOG_COMPILER_APPICON_NAME = AppIcon;
				CODE_SIGN_STYLE = Automatic;
				INFOPLIST_FILE = "18-桥接模式/Info.plist";
				LD_RUNPATH_SEARCH_PATHS = (
					"$(inherited)",
					"@executable_path/Frameworks",
				);
				PRODUCT_BUNDLE_IDENTIFIER = "com.gongqiuwei.-8-----";
				PRODUCT_NAME = "$(TARGET_NAME)";
				TARGETED_DEVICE_FAMILY = "1,2";
			};
			name = Release;
		};
/* End XCBuildConfiguration section */

/* Begin XCConfigurationList section */
		18940C17210D7C2E008EEC9F /* Build configuration list for PBXProject "18-桥接模式" */ = {
			isa = XCConfigurationList;
			buildConfigurations = (
				18940C30210D7C30008EEC9F /* Debug */,
				18940C31210D7C30008EEC9F /* Release */,
			);
			defaultConfigurationIsVisible = 0;
			defaultConfigurationName = Release;
		};
		18940C32210D7C30008EEC9F /* Build configuration list for PBXNativeTarget "18-桥接模式" */ = {
			isa = XCConfigurationList;
			buildConfigurations = (
				18940C33210D7C30008EEC9F /* Debug */,
				18940C34210D7C30008EEC9F /* Release */,
			);
			defaultConfigurationIsVisible = 0;
			defaultConfigurationName = Release;
		};
/* End XCConfigurationList section */
	};
	rootObject = 18940C14210D7C2E008EEC9F /* Project object */;
}
