// !$*UTF8*$!
{
	archiveVersion = 1;
	classes = {
	};
	objectVersion = 50;
	objects = {

/* Begin PBXBuildFile section */
		1840A67A21015A4900740A95 /* AppDelegate.m in Sources */ = {isa = PBXBuildFile; fileRef = 1840A67921015A4900740A95 /* AppDelegate.m */; };
		1840A67D21015A4900740A95 /* ViewController.m in Sources */ = {isa = PBXBuildFile; fileRef = 1840A67C21015A4900740A95 /* ViewController.m */; };
		1840A68021015A4900740A95 /* Main.storyboard in Resources */ = {isa = PBXBuildFile; fileRef = 1840A67E21015A4900740A95 /* Main.storyboard */; };
		1840A68221015A4A00740A95 /* Assets.xcassets in Resources */ = {isa = PBXBuildFile; fileRef = 1840A68121015A4A00740A95 /* Assets.xcassets */; };
		1840A68521015A4A00740A95 /* LaunchScreen.storyboard in Resources */ = {isa = PBXBuildFile; fileRef = 1840A68321015A4A00740A95 /* LaunchScreen.storyboard */; };
		1840A68821015A4A00740A95 /* main.m in Sources */ = {isa = PBXBuildFile; fileRef = 1840A68721015A4A00740A95 /* main.m */; };
		1840A69021015A6000740A95 /* Tool.m in Sources */ = {isa = PBXBuildFile; fileRef = 1840A68F21015A6000740A95 /* Tool.m */; };
/* End PBXBuildFile section */

/* Begin PBXFileReference section */
		1840A67521015A4900740A95 /* 17-单例模式.app */ = {isa = PBXFileReference; explicitFileType = wrapper.application; includeInIndex = 0; path = "17-单例模式.app"; sourceTree = BUILT_PRODUCTS_DIR; };
		1840A67821015A4900740A95 /* AppDelegate.h */ = {isa = PBXFileReference; lastKnownFileType = sourcecode.c.h; path = AppDelegate.h; sourceTree = "<group>"; };
		1840A67921015A4900740A95 /* AppDelegate.m */ = {isa = PBXFileReference; lastKnownFileType = sourcecode.c.objc; path = AppDelegate.m; sourceTree = "<group>"; };
		1840A67B21015A4900740A95 /* ViewController.h */ = {isa = PBXFileReference; lastKnownFileType = sourcecode.c.h; path = ViewController.h; sourceTree = "<group>"; };
		1840A67C21015A4900740A95 /* ViewController.m */ = {isa = PBXFileReference; lastKnownFileType = sourcecode.c.objc; path = ViewController.m; sourceTree = "<group>"; };
		1840A67F21015A4900740A95 /* Base */ = {isa = PBXFileReference; lastKnownFileType = file.storyboard; name = Base; path = Base.lproj/Main.storyboard; sourceTree = "<group>"; };
		1840A68121015A4A00740A95 /* Assets.xcassets */ = {isa = PBXFileReference; lastKnownFileType = folder.assetcatalog; path = Assets.xcassets; sourceTree = "<group>"; };
		1840A68421015A4A00740A95 /* Base */ = {isa = PBXFileReference; lastKnownFileType = file.storyboard; name = Base; path = Base.lproj/LaunchScreen.storyboard; sourceTree = "<group>"; };
		1840A68621015A4A00740A95 /* Info.plist */ = {isa = PBXFileReference; lastKnownFileType = text.plist.xml; path = Info.plist; sourceTree = "<group>"; };
		1840A68721015A4A00740A95 /* main.m */ = {isa = PBXFileReference; lastKnownFileType = sourcecode.c.objc; path = main.m; sourceTree = "<group>"; };
		1840A68E21015A6000740A95 /* Tool.h */ = {isa = PBXFileReference; lastKnownFileType = sourcecode.c.h; path = Tool.h; sourceTree = "<group>"; };
		1840A68F21015A6000740A95 /* Tool.m */ = {isa = PBXFileReference; lastKnownFileType = sourcecode.c.objc; path = Tool.m; sourceTree = "<group>"; };
/* End PBXFileReference section */

/* Begin PBXFrameworksBuildPhase section */
		1840A67221015A4900740A95 /* Frameworks */ = {
			isa = PBXFrameworksBuildPhase;
			buildActionMask = 2147483647;
			files = (
			);
			runOnlyForDeploymentPostprocessing = 0;
		};
/* End PBXFrameworksBuildPhase section */

/* Begin PBXGroup section */
		1840A66C21015A4900740A95 = {
			isa = PBXGroup;
			children = (
				1840A67721015A4900740A95 /* 17-单例模式 */,
				1840A67621015A4900740A95 /* Products */,
			);
			sourceTree = "<group>";
		};
		1840A67621015A4900740A95 /* Products */ = {
			isa = PBXGroup;
			children = (
				1840A67521015A4900740A95 /* 17-单例模式.app */,
			);
			name = Products;
			sourceTree = "<group>";
		};
		1840A67721015A4900740A95 /* 17-单例模式 */ = {
			isa = PBXGroup;
			children = (
				1840A68E21015A6000740A95 /* Tool.h */,
				1840A68F21015A6000740A95 /* Tool.m */,
				1840A67B21015A4900740A95 /* ViewController.h */,
				1840A67C21015A4900740A95 /* ViewController.m */,
				1840A67E21015A4900740A95 /* Main.storyboard */,
				1840A68121015A4A00740A95 /* Assets.xcassets */,
				1840A68321015A4A00740A95 /* LaunchScreen.storyboard */,
				1840A68621015A4A00740A95 /* Info.plist */,
				1840A68721015A4A00740A95 /* main.m */,
				1840A67821015A4900740A95 /* AppDelegate.h */,
				1840A67921015A4900740A95 /* AppDelegate.m */,
			);
			path = "17-单例模式";
			sourceTree = "<group>";
		};
/* End PBXGroup section */

/* Begin PBXNativeTarget section */
		1840A67421015A4900740A95 /* 17-单例模式 */ = {
			isa = PBXNativeTarget;
			buildConfigurationList = 1840A68B21015A4A00740A95 /* Build configuration list for PBXNativeTarget "17-单例模式" */;
			buildPhases = (
				1840A67121015A4900740A95 /* Sources */,
				1840A67221015A4900740A95 /* Frameworks */,
				1840A67321015A4900740A95 /* Resources */,
			);
			buildRules = (
			);
			dependencies = (
			);
			name = "17-单例模式";
			productName = "17-单例模式";
			productReference = 1840A67521015A4900740A95 /* 17-单例模式.app */;
			productType = "com.apple.product-type.application";
		};
/* End PBXNativeTarget section */

/* Begin PBXProject section */
		1840A66D21015A4900740A95 /* Project object */ = {
			isa = PBXProject;
			attributes = {
				LastUpgradeCheck = 0930;
				ORGANIZATIONNAME = gongqiuwei;
				TargetAttributes = {
					1840A67421015A4900740A95 = {
						CreatedOnToolsVersion = 9.3;
					};
				};
			};
			buildConfigurationList = 1840A67021015A4900740A95 /* Build configuration list for PBXProject "17-单例模式" */;
			compatibilityVersion = "Xcode 9.3";
			developmentRegion = en;
			hasScannedForEncodings = 0;
			knownRegions = (
				en,
				Base,
			);
			mainGroup = 1840A66C21015A4900740A95;
			productRefGroup = 1840A67621015A4900740A95 /* Products */;
			projectDirPath = "";
			projectRoot = "";
			targets = (
				1840A67421015A4900740A95 /* 17-单例模式 */,
			);
		};
/* End PBXProject section */

/* Begin PBXResourcesBuildPhase section */
		1840A67321015A4900740A95 /* Resources */ = {
			isa = PBXResourcesBuildPhase;
			buildActionMask = 2147483647;
			files = (
				1840A68521015A4A00740A95 /* LaunchScreen.storyboard in Resources */,
				1840A68221015A4A00740A95 /* Assets.xcassets in Resources */,
				1840A68021015A4900740A95 /* Main.storyboard in Resources */,
			);
			runOnlyForDeploymentPostprocessing = 0;
		};
/* End PBXResourcesBuildPhase section */

/* Begin PBXSourcesBuildPhase section */
		1840A67121015A4900740A95 /* Sources */ = {
			isa = PBXSourcesBuildPhase;
			buildActionMask = 2147483647;
			files = (
				1840A67D21015A4900740A95 /* ViewController.m in Sources */,
				1840A68821015A4A00740A95 /* main.m in Sources */,
				1840A67A21015A4900740A95 /* AppDelegate.m in Sources */,
				1840A69021015A6000740A95 /* Tool.m in Sources */,
			);
			runOnlyForDeploymentPostprocessing = 0;
		};
/* End PBXSourcesBuildPhase section */

/* Begin PBXVariantGroup section */
		1840A67E21015A4900740A95 /* Main.storyboard */ = {
			isa = PBXVariantGroup;
			children = (
				1840A67F21015A4900740A95 /* Base */,
			);
			name = Main.storyboard;
			sourceTree = "<group>";
		};
		1840A68321015A4A00740A95 /* LaunchScreen.storyboard */ = {
			isa = PBXVariantGroup;
			children = (
				1840A68421015A4A00740A95 /* Base */,
			);
			name = LaunchScreen.storyboard;
			sourceTree = "<group>";
		};
/* End PBXVariantGroup section */

/* Begin XCBuildConfiguration section */
		1840A68921015A4A00740A95 /* Debug */ = {
			isa = XCBuildConfiguration;
			buildSettings = {
				ALWAYS_SEARCH_USER_PATHS = NO;
				CLANG_ANALYZER_NONNULL = YES;
				CLANG_ANALYZER_NUMBER_OBJECT_CONVERSION = YES_AGGRESSIVE;
				CLANG_CXX_LANGUAGE_STANDARD = "gnu++14";
				CLANG_CXX_LIBRARY = "libc++";
				CLANG_ENABLE_MODULES = YES;
				CLANG_ENABLE_OBJC_ARC = YES;
				CLANG_ENABLE_OBJC_WEAK = YES;
				CLANG_WARN_BLOCK_CAPTURE_AUTORELEASING = YES;
				CLANG_WARN_BOOL_CONVERSION = YES;
				CLANG_WARN_COMMA = YES;
				CLANG_WARN_CONSTANT_CONVERSION = YES;
				CLANG_WARN_DEPRECATED_OBJC_IMPLEMENTATIONS = YES;
				CLANG_WARN_DIRECT_OBJC_ISA_USAGE = YES_ERROR;
				CLANG_WARN_DOCUMENTATION_COMMENTS = YES;
				CLANG_WARN_EMPTY_BODY = YES;
				CLANG_WARN_ENUM_CONVERSION = YES;
				CLANG_WARN_INFINITE_RECURSION = YES;
				CLANG_WARN_INT_CONVERSION = YES;
				CLANG_WARN_NON_LITERAL_NULL_CONVERSION = YES;
				CLANG_WARN_OBJC_IMPLICIT_RETAIN_SELF = YES;
				CLANG_WARN_OBJC_LITERAL_CONVERSION = YES;
				CLANG_WARN_OBJC_ROOT_CLASS = YES_ERROR;
				CLANG_WARN_RANGE_LOOP_ANALYSIS = YES;
				CLANG_WARN_STRICT_PROTOTYPES = YES;
				CLANG_WARN_SUSPICIOUS_MOVE = YES;
				CLANG_WARN_UNGUARDED_AVAILABILITY = YES_AGGRESSIVE;
				CLANG_WARN_UNREACHABLE_CODE = YES;
				CLANG_WARN__DUPLICATE_METHOD_MATCH = YES;
				CODE_SIGN_IDENTITY = "iPhone Developer";
				COPY_PHASE_STRIP = NO;
				DEBUG_INFORMATION_FORMAT = dwarf;
				ENABLE_STRICT_OBJC_MSGSEND = YES;
				ENABLE_TESTABILITY = YES;
				GCC_C_LANGUAGE_STANDARD = gnu11;
				GCC_DYNAMIC_NO_PIC = NO;
				GCC_NO_COMMON_BLOCKS = YES;
				GCC_OPTIMIZATION_LEVEL = 0;
				GCC_PREPROCESSOR_DEFINITIONS = (
					"DEBUG=1",
					"$(inherited)",
				);
				GCC_WARN_64_TO_32_BIT_CONVERSION = YES;
				GCC_WARN_ABOUT_RETURN_TYPE = YES_ERROR;
				GCC_WARN_UNDECLARED_SELECTOR = YES;
				GCC_WARN_UNINITIALIZED_AUTOS = YES_AGGRESSIVE;
				GCC_WARN_UNUSED_FUNCTION = YES;
				GCC_WARN_UNUSED_VARIABLE = YES;
				IPHONEOS_DEPLOYMENT_TARGET = 11.3;
				MTL_ENABLE_DEBUG_INFO = YES;
				ONLY_ACTIVE_ARCH = YES;
				SDKROOT = iphoneos;
			};
			name = Debug;
		};
		1840A68A21015A4A00740A95 /* Release */ = {
			isa = XCBuildConfiguration;
			buildSettings = {
				ALWAYS_SEARCH_USER_PATHS = NO;
				CLANG_ANALYZER_NONNULL = YES;
				CLANG_ANALYZER_NUMBER_OBJECT_CONVERSION = YES_AGGRESSIVE;
				CLANG_CXX_LANGUAGE_STANDARD = "gnu++14";
				CLANG_CXX_LIBRARY = "libc++";
				CLANG_ENABLE_MODULES = YES;
				CLANG_ENABLE_OBJC_ARC = YES;
				CLANG_ENABLE_OBJC_WEAK = YES;
				CLANG_WARN_BLOCK_CAPTURE_AUTORELEASING = YES;
				CLANG_WARN_BOOL_CONVERSION = YES;
				CLANG_WARN_COMMA = YES;
				CLANG_WARN_CONSTANT_CONVERSION = YES;
				CLANG_WARN_DEPRECATED_OBJC_IMPLEMENTATIONS = YES;
				CLANG_WARN_DIRECT_OBJC_ISA_USAGE = YES_ERROR;
				CLANG_WARN_DOCUMENTATION_COMMENTS = YES;
				CLANG_WARN_EMPTY_BODY = YES;
				CLANG_WARN_ENUM_CONVERSION = YES;
				CLANG_WARN_INFINITE_RECURSION = YES;
				CLANG_WARN_INT_CONVERSION = YES;
				CLANG_WARN_NON_LITERAL_NULL_CONVERSION = YES;
				CLANG_WARN_OBJC_IMPLICIT_RETAIN_SELF = YES;
				CLANG_WARN_OBJC_LITERAL_CONVERSION = YES;
				CLANG_WARN_OBJC_ROOT_CLASS = YES_ERROR;
				CLANG_WARN_RANGE_LOOP_ANALYSIS = YES;
				CLANG_WARN_STRICT_PROTOTYPES = YES;
				CLANG_WARN_SUSPICIOUS_MOVE = YES;
				CLANG_WARN_UNGUARDED_AVAILABILITY = YES_AGGRESSIVE;
				CLANG_WARN_UNREACHABLE_CODE = YES;
				CLANG_WARN__DUPLICATE_METHOD_MATCH = YES;
				CODE_SIGN_IDENTITY = "iPhone Developer";
				COPY_PHASE_STRIP = NO;
				DEBUG_INFORMATION_FORMAT = "dwarf-with-dsym";
				ENABLE_NS_ASSERTIONS = NO;
				ENABLE_STRICT_OBJC_MSGSEND = YES;
				GCC_C_LANGUAGE_STANDARD = gnu11;
				GCC_NO_COMMON_BLOCKS = YES;
				GCC_WARN_64_TO_32_BIT_CONVERSION = YES;
				GCC_WARN_ABOUT_RETURN_TYPE = YES_ERROR;
				GCC_WARN_UNDECLARED_SELECTOR = YES;
				GCC_WARN_UNINITIALIZED_AUTOS = YES_AGGRESSIVE;
				GCC_WARN_UNUSED_FUNCTION = YES;
				GCC_WARN_UNUSED_VARIABLE = YES;
				IPHONEOS_DEPLOYMENT_TARGET = 11.3;
				MTL_ENABLE_DEBUG_INFO = NO;
				SDKROOT = iphoneos;
				VALIDATE_PRODUCT = YES;
			};
			name = Release;
		};
		1840A68C21015A4A00740A95 /* Debug */ = {
			isa = XCBuildConfiguration;
			buildSettings = {
				ASSETCATALOG_COMPILER_APPICON_NAME = AppIcon;
				CODE_SIGN_STYLE = Automatic;
				INFOPLIST_FILE = "17-单例模式/Info.plist";
				LD_RUNPATH_SEARCH_PATHS = (
					"$(inherited)",
					"@executable_path/Frameworks",
				);
				PRODUCT_BUNDLE_IDENTIFIER = "com.gongqiuwei.-7-----";
				PRODUCT_NAME = "$(TARGET_NAME)";
				TARGETED_DEVICE_FAMILY = "1,2";
			};
			name = Debug;
		};
		1840A68D21015A4A00740A95 /* Release */ = {
			isa = XCBuildConfiguration;
			buildSettings = {
				ASSETCATALOG_COMPILER_APPICON_NAME = AppIcon;
				CODE_SIGN_STYLE = Automatic;
				INFOPLIST_FILE = "17-单例模式/Info.plist";
				LD_RUNPATH_SEARCH_PATHS = (
					"$(inherited)",
					"@executable_path/Frameworks",
				);
				PRODUCT_BUNDLE_IDENTIFIER = "com.gongqiuwei.-7-----";
				PRODUCT_NAME = "$(TARGET_NAME)";
				TARGETED_DEVICE_FAMILY = "1,2";
			};
			name = Release;
		};
/* End XCBuildConfiguration section */

/* Begin XCConfigurationList section */
		1840A67021015A4900740A95 /* Build configuration list for PBXProject "17-单例模式" */ = {
			isa = XCConfigurationList;
			buildConfigurations = (
				1840A68921015A4A00740A95 /* Debug */,
				1840A68A21015A4A00740A95 /* Release */,
			);
			defaultConfigurationIsVisible = 0;
			defaultConfigurationName = Release;
		};
		1840A68B21015A4A00740A95 /* Build configuration list for PBXNativeTarget "17-单例模式" */ = {
			isa = XCConfigurationList;
			buildConfigurations = (
				1840A68C21015A4A00740A95 /* Debug */,
				1840A68D21015A4A00740A95 /* Release */,
			);
			defaultConfigurationIsVisible = 0;
			defaultConfigurationName = Release;
		};
/* End XCConfigurationList section */
	};
	rootObject = 1840A66D21015A4900740A95 /* Project object */;
}
